// !$*UTF8*$!
{
	archiveVersion = 1;
	classes = {
	};
	objectVersion = 46;
	objects = {

/* Begin PBXBuildFile section */
		EEB870BF1AD467CB000D21E6 /* AppDelegate.m in Sources */ = {isa = PBXBuildFile; fileRef = EEB870B01AD467CB000D21E6 /* AppDelegate.m */; };
		EEB870C01AD467CB000D21E6 /* LaunchScreen.xib in Resources */ = {isa = PBXBuildFile; fileRef = EEB870B11AD467CB000D21E6 /* LaunchScreen.xib */; };
		EEB870C11AD467CB000D21E6 /* Main.storyboard in Resources */ = {isa = PBXBuildFile; fileRef = EEB870B31AD467CB000D21E6 /* Main.storyboard */; };
		EEB870C21AD467CB000D21E6 /* GameScene.m in Sources */ = {isa = PBXBuildFile; fileRef = EEB870B61AD467CB000D21E6 /* GameScene.m */; };
		EEB870C31AD467CB000D21E6 /* GameViewController.m in Sources */ = {isa = PBXBuildFile; fileRef = EEB870B81AD467CB000D21E6 /* GameViewController.m */; };
		EEB870C41AD467CB000D21E6 /* Images.xcassets in Resources */ = {isa = PBXBuildFile; fileRef = EEB870B91AD467CB000D21E6 /* Images.xcassets */; };
		EEB870C61AD467CB000D21E6 /* main.m in Sources */ = {isa = PBXBuildFile; fileRef = EEB870BB1AD467CB000D21E6 /* main.m */; };
		EEB870C71AD467CB000D21E6 /* SFWaterNode.m in Sources */ = {isa = PBXBuildFile; fileRef = EEB870BD1AD467CB000D21E6 /* SFWaterNode.m */; };
		EEB870C81AD467CB000D21E6 /* WaterGradientBlue-iphone.png in Resources */ = {isa = PBXBuildFile; fileRef = EEB870BE1AD467CB000D21E6 /* WaterGradientBlue-iphone.png */; };
		EEB870D31AD46843000D21E6 /* Default-568h@2x.png in Resources */ = {isa = PBXBuildFile; fileRef = EEB870D21AD46843000D21E6 /* Default-568h@2x.png */; };
/* End PBXBuildFile section */

/* Begin PBXContainerItemProxy section */
		EECC66BA1AA3AB1D004CB609 /* PBXContainerItemProxy */ = {
			isa = PBXContainerItemProxy;
			containerPortal = EECC66931AA3AB1D004CB609 /* Project object */;
			proxyType = 1;
			remoteGlobalIDString = EECC669A1AA3AB1D004CB609;
			remoteInfo = SSKWaterSurfaceNode;
		};
/* End PBXContainerItemProxy section */

/* Begin PBXFileReference section */
		EEB870AF1AD467CB000D21E6 /* AppDelegate.h */ = {isa = PBXFileReference; fileEncoding = 4; lastKnownFileType = sourcecode.c.h; path = AppDelegate.h; sourceTree = "<group>"; };
		EEB870B01AD467CB000D21E6 /* AppDelegate.m */ = {isa = PBXFileReference; fileEncoding = 4; lastKnownFileType = sourcecode.c.objc; path = AppDelegate.m; sourceTree = "<group>"; };
		EEB870B21AD467CB000D21E6 /* Base */ = {isa = PBXFileReference; lastKnownFileType = file.xib; name = Base; path = Base.lproj/LaunchScreen.xib; sourceTree = "<group>"; };
		EEB870B41AD467CB000D21E6 /* Base */ = {isa = PBXFileReference; lastKnownFileType = file.storyboard; name = Base; path = Base.lproj/Main.storyboard; sourceTree = "<group>"; };
		EEB870B51AD467CB000D21E6 /* GameScene.h */ = {isa = PBXFileReference; fileEncoding = 4; lastKnownFileType = sourcecode.c.h; path = GameScene.h; sourceTree = "<group>"; };
		EEB870B61AD467CB000D21E6 /* GameScene.m */ = {isa = PBXFileReference; fileEncoding = 4; lastKnownFileType = sourcecode.c.objc; path = GameScene.m; sourceTree = "<group>"; };
		EEB870B71AD467CB000D21E6 /* GameViewController.h */ = {isa = PBXFileReference; fileEncoding = 4; lastKnownFileType = sourcecode.c.h; path = GameViewController.h; sourceTree = "<group>"; };
		EEB870B81AD467CB000D21E6 /* GameViewController.m */ = {isa = PBXFileReference; fileEncoding = 4; lastKnownFileType = sourcecode.c.objc; path = GameViewController.m; sourceTree = "<group>"; };
		EEB870B91AD467CB000D21E6 /* Images.xcassets */ = {isa = PBXFileReference; lastKnownFileType = folder.assetcatalog; path = Images.xcassets; sourceTree = "<group>"; };
		EEB870BA1AD467CB000D21E6 /* Info.plist */ = {isa = PBXFileReference; fileEncoding = 4; lastKnownFileType = text.plist.xml; path = Info.plist; sourceTree = "<group>"; };
		EEB870BB1AD467CB000D21E6 /* main.m */ = {isa = PBXFileReference; fileEncoding = 4; lastKnownFileType = sourcecode.c.objc; path = main.m; sourceTree = "<group>"; };
		EEB870BC1AD467CB000D21E6 /* SFWaterNode.h */ = {isa = PBXFileReference; fileEncoding = 4; lastKnownFileType = sourcecode.c.h; path = SFWaterNode.h; sourceTree = "<group>"; };
		EEB870BD1AD467CB000D21E6 /* SFWaterNode.m */ = {isa = PBXFileReference; fileEncoding = 4; lastKnownFileType = sourcecode.c.objc; path = SFWaterNode.m; sourceTree = "<group>"; };
		EEB870BE1AD467CB000D21E6 /* WaterGradientBlue-iphone.png */ = {isa = PBXFileReference; lastKnownFileType = image.png; path = "WaterGradientBlue-iphone.png"; sourceTree = "<group>"; };
		EEB870CA1AD467DD000D21E6 /* Info.plist */ = {isa = PBXFileReference; fileEncoding = 4; lastKnownFileType = text.plist.xml; path = Info.plist; sourceTree = "<group>"; };
		EEB870CB1AD467DD000D21E6 /* SFWaterNodeTests.m */ = {isa = PBXFileReference; fileEncoding = 4; lastKnownFileType = sourcecode.c.objc; path = SFWaterNodeTests.m; sourceTree = "<group>"; };
		EEB870D21AD46843000D21E6 /* Default-568h@2x.png */ = {isa = PBXFileReference; lastKnownFileType = image.png; name = "Default-568h@2x.png"; path = "../Default-568h@2x.png"; sourceTree = "<group>"; };
		EECC669B1AA3AB1D004CB609 /* SFWaterNode.app */ = {isa = PBXFileReference; explicitFileType = wrapper.application; includeInIndex = 0; path = SFWaterNode.app; sourceTree = BUILT_PRODUCTS_DIR; };
		EECC66B91AA3AB1D004CB609 /* SFWaterNodeTests.xctest */ = {isa = PBXFileReference; explicitFileType = wrapper.cfbundle; includeInIndex = 0; path = SFWaterNodeTests.xctest; sourceTree = BUILT_PRODUCTS_DIR; };
/* End PBXFileReference section */

/* Begin PBXFrameworksBuildPhase section */
		EECC66981AA3AB1D004CB609 /* Frameworks */ = {
			isa = PBXFrameworksBuildPhase;
			buildActionMask = 2147483647;
			files = (
			);
			runOnlyForDeploymentPostprocessing = 0;
		};
		EECC66B61AA3AB1D004CB609 /* Frameworks */ = {
			isa = PBXFrameworksBuildPhase;
			buildActionMask = 2147483647;
			files = (
			);
			runOnlyForDeploymentPostprocessing = 0;
		};
/* End PBXFrameworksBuildPhase section */

/* Begin PBXGroup section */
		EEB870AE1AD467CB000D21E6 /* SFWaterNode */ = {
			isa = PBXGroup;
			children = (
				EEB870BC1AD467CB000D21E6 /* SFWaterNode.h */,
				EEB870BD1AD467CB000D21E6 /* SFWaterNode.m */,
				EEB870D11AD46810000D21E6 /* Application */,
				EEB870D01AD4680C000D21E6 /* Scene */,
				EEB870CF1AD467FD000D21E6 /* Assets */,
				EEB870CE1AD467E6000D21E6 /* Supporting Files */,
			);
			path = SFWaterNode;
			sourceTree = "<group>";
		};
		EEB870C91AD467DD000D21E6 /* SFWaterNodeTests */ = {
			isa = PBXGroup;
			children = (
				EEB870CA1AD467DD000D21E6 /* Info.plist */,
				EEB870CB1AD467DD000D21E6 /* SFWaterNodeTests.m */,
			);
			path = SFWaterNodeTests;
			sourceTree = "<group>";
		};
		EEB870CE1AD467E6000D21E6 /* Supporting Files */ = {
			isa = PBXGroup;
			children = (
				EEB870B11AD467CB000D21E6 /* LaunchScreen.xib */,
				EEB870B31AD467CB000D21E6 /* Main.storyboard */,
				EEB870BA1AD467CB000D21E6 /* Info.plist */,
				EEB870BB1AD467CB000D21E6 /* main.m */,
				EEB870B91AD467CB000D21E6 /* Images.xcassets */,
			);
			name = "Supporting Files";
			sourceTree = "<group>";
		};
		EEB870CF1AD467FD000D21E6 /* Assets */ = {
			isa = PBXGroup;
			children = (
				EEB870D21AD46843000D21E6 /* Default-568h@2x.png */,
				EEB870BE1AD467CB000D21E6 /* WaterGradientBlue-iphone.png */,
			);
			name = Assets;
			sourceTree = "<group>";
		};
		EEB870D01AD4680C000D21E6 /* Scene */ = {
			isa = PBXGroup;
			children = (
				EEB870B51AD467CB000D21E6 /* GameScene.h */,
				EEB870B61AD467CB000D21E6 /* GameScene.m */,
			);
			name = Scene;
			sourceTree = "<group>";
		};
		EEB870D11AD46810000D21E6 /* Application */ = {
			isa = PBXGroup;
			children = (
				EEB870AF1AD467CB000D21E6 /* AppDelegate.h */,
				EEB870B01AD467CB000D21E6 /* AppDelegate.m */,
				EEB870B71AD467CB000D21E6 /* GameViewController.h */,
				EEB870B81AD467CB000D21E6 /* GameViewController.m */,
			);
			name = Application;
			sourceTree = "<group>";
		};
		EECC66921AA3AB1D004CB609 = {
			isa = PBXGroup;
			children = (
				EEB870AE1AD467CB000D21E6 /* SFWaterNode */,
				EEB870C91AD467DD000D21E6 /* SFWaterNodeTests */,
				EECC669C1AA3AB1D004CB609 /* Products */,
			);
			sourceTree = "<group>";
		};
		EECC669C1AA3AB1D004CB609 /* Products */ = {
			isa = PBXGroup;
			children = (
				EECC669B1AA3AB1D004CB609 /* SFWaterNode.app */,
				EECC66B91AA3AB1D004CB609 /* SFWaterNodeTests.xctest */,
			);
			name = Products;
			sourceTree = "<group>";
		};
/* End PBXGroup section */

/* Begin PBXNativeTarget section */
		EECC669A1AA3AB1D004CB609 /* SFWaterNode */ = {
			isa = PBXNativeTarget;
			buildConfigurationList = EECC66C31AA3AB1D004CB609 /* Build configuration list for PBXNativeTarget "SFWaterNode" */;
			buildPhases = (
				EECC66971AA3AB1D004CB609 /* Sources */,
				EECC66981AA3AB1D004CB609 /* Frameworks */,
				EECC66991AA3AB1D004CB609 /* Resources */,
			);
			buildRules = (
			);
			dependencies = (
			);
			name = SFWaterNode;
			productName = SSKWaterSurfaceNode;
			productReference = EECC669B1AA3AB1D004CB609 /* SFWaterNode.app */;
			productType = "com.apple.product-type.application";
		};
		EECC66B81AA3AB1D004CB609 /* SFWaterNodeTests */ = {
			isa = PBXNativeTarget;
			buildConfigurationList = EECC66C61AA3AB1D004CB609 /* Build configuration list for PBXNativeTarget "SFWaterNodeTests" */;
			buildPhases = (
				EECC66B51AA3AB1D004CB609 /* Sources */,
				EECC66B61AA3AB1D004CB609 /* Frameworks */,
				EECC66B71AA3AB1D004CB609 /* Resources */,
			);
			buildRules = (
			);
			dependencies = (
				EECC66BB1AA3AB1D004CB609 /* PBXTargetDependency */,
			);
			name = SFWaterNodeTests;
			productName = SSKWaterSurfaceNodeTests;
			productReference = EECC66B91AA3AB1D004CB609 /* SFWaterNodeTests.xctest */;
			productType = "com.apple.product-type.bundle.unit-test";
		};
/* End PBXNativeTarget section */

/* Begin PBXProject section */
		EECC66931AA3AB1D004CB609 /* Project object */ = {
			isa = PBXProject;
			attributes = {
				LastUpgradeCheck = 0610;
				ORGANIZATIONNAME = "Skye Freeman";
				TargetAttributes = {
					EECC669A1AA3AB1D004CB609 = {
						CreatedOnToolsVersion = 6.1.1;
						DevelopmentTeam = DNM8FCEPB5;
					};
					EECC66B81AA3AB1D004CB609 = {
						CreatedOnToolsVersion = 6.1.1;
						TestTargetID = EECC669A1AA3AB1D004CB609;
					};
				};
			};
			buildConfigurationList = EECC66961AA3AB1D004CB609 /* Build configuration list for PBXProject "SFWaterNode" */;
			compatibilityVersion = "Xcode 3.2";
			developmentRegion = English;
			hasScannedForEncodings = 0;
			knownRegions = (
				en,
				Base,
			);
			mainGroup = EECC66921AA3AB1D004CB609;
			productRefGroup = EECC669C1AA3AB1D004CB609 /* Products */;
			projectDirPath = "";
			projectRoot = "";
			targets = (
				EECC669A1AA3AB1D004CB609 /* SFWaterNode */,
				EECC66B81AA3AB1D004CB609 /* SFWaterNodeTests */,
			);
		};
/* End PBXProject section */

/* Begin PBXResourcesBuildPhase section */
		EECC66991AA3AB1D004CB609 /* Resources */ = {
			isa = PBXResourcesBuildPhase;
			buildActionMask = 2147483647;
			files = (
				EEB870C41AD467CB000D21E6 /* Images.xcassets in Resources */,
				EEB870C81AD467CB000D21E6 /* WaterGradientBlue-iphone.png in Resources */,
				EEB870C01AD467CB000D21E6 /* LaunchScreen.xib in Resources */,
				EEB870D31AD46843000D21E6 /* Default-568h@2x.png in Resources */,
				EEB870C11AD467CB000D21E6 /* Main.storyboard in Resources */,
			);
			runOnlyForDeploymentPostprocessing = 0;
		};
		EECC66B71AA3AB1D004CB609 /* Resources */ = {
			isa = PBXResourcesBuildPhase;
			buildActionMask = 2147483647;
			files = (
			);
			runOnlyForDeploymentPostprocessing = 0;
		};
/* End PBXResourcesBuildPhase section */

/* Begin PBXSourcesBuildPhase section */
		EECC66971AA3AB1D004CB609 /* Sources */ = {
			isa = PBXSourcesBuildPhase;
			buildActionMask = 2147483647;
			files = (
				EEB870C21AD467CB000D21E6 /* GameScene.m in Sources */,
				EEB870C31AD467CB000D21E6 /* GameViewController.m in Sources */,
				EEB870C61AD467CB000D21E6 /* main.m in Sources */,
				EEB870BF1AD467CB000D21E6 /* AppDelegate.m in Sources */,
				EEB870C71AD467CB000D21E6 /* SFWaterNode.m in Sources */,
			);
			runOnlyForDeploymentPostprocessing = 0;
		};
		EECC66B51AA3AB1D004CB609 /* Sources */ = {
			isa = PBXSourcesBuildPhase;
			buildActionMask = 2147483647;
			files = (
			);
			runOnlyForDeploymentPostprocessing = 0;
		};
/* End PBXSourcesBuildPhase section */

/* Begin PBXTargetDependency section */
		EECC66BB1AA3AB1D004CB609 /* PBXTargetDependency */ = {
			isa = PBXTargetDependency;
			target = EECC669A1AA3AB1D004CB609 /* SFWaterNode */;
			targetProxy = EECC66BA1AA3AB1D004CB609 /* PBXContainerItemProxy */;
		};
/* End PBXTargetDependency section */

/* Begin PBXVariantGroup section */
		EEB870B11AD467CB000D21E6 /* LaunchScreen.xib */ = {
			isa = PBXVariantGroup;
			children = (
				EEB870B21AD467CB000D21E6 /* Base */,
			);
			name = LaunchScreen.xib;
			sourceTree = "<group>";
		};
		EEB870B31AD467CB000D21E6 /* Main.storyboard */ = {
			isa = PBXVariantGroup;
			children = (
				EEB870B41AD467CB000D21E6 /* Base */,
			);
			name = Main.storyboard;
			sourceTree = "<group>";
		};
/* End PBXVariantGroup section */

/* Begin XCBuildConfiguration section */
		EECC66C11AA3AB1D004CB609 /* Debug */ = {
			isa = XCBuildConfiguration;
			buildSettings = {
				ALWAYS_SEARCH_USER_PATHS = NO;
				CLANG_CXX_LANGUAGE_STANDARD = "gnu++0x";
				CLANG_CXX_LIBRARY = "libc++";
				CLANG_ENABLE_MODULES = YES;
				CLANG_ENABLE_OBJC_ARC = YES;
				CLANG_WARN_BOOL_CONVERSION = YES;
				CLANG_WARN_CONSTANT_CONVERSION = YES;
				CLANG_WARN_DIRECT_OBJC_ISA_USAGE = YES_ERROR;
				CLANG_WARN_EMPTY_BODY = YES;
				CLANG_WARN_ENUM_CONVERSION = YES;
				CLANG_WARN_INT_CONVERSION = YES;
				CLANG_WARN_OBJC_ROOT_CLASS = YES_ERROR;
				CLANG_WARN_UNREACHABLE_CODE = YES;
				CLANG_WARN__DUPLICATE_METHOD_MATCH = YES;
				"CODE_SIGN_IDENTITY[sdk=iphoneos*]" = "iPhone Developer";
				COPY_PHASE_STRIP = NO;
				ENABLE_STRICT_OBJC_MSGSEND = YES;
				GCC_C_LANGUAGE_STANDARD = gnu99;
				GCC_DYNAMIC_NO_PIC = NO;
				GCC_OPTIMIZATION_LEVEL = 0;
				GCC_PREPROCESSOR_DEFINITIONS = (
					"DEBUG=1",
					"$(inherited)",
				);
				GCC_SYMBOLS_PRIVATE_EXTERN = NO;
				GCC_WARN_64_TO_32_BIT_CONVERSION = YES;
				GCC_WARN_ABOUT_RETURN_TYPE = YES_ERROR;
				GCC_WARN_UNDECLARED_SELECTOR = YES;
				GCC_WARN_UNINITIALIZED_AUTOS = YES_AGGRESSIVE;
				GCC_WARN_UNUSED_FUNCTION = YES;
				GCC_WARN_UNUSED_VARIABLE = YES;
				IPHONEOS_DEPLOYMENT_TARGET = 8.1;
				MTL_ENABLE_DEBUG_INFO = YES;
				ONLY_ACTIVE_ARCH = YES;
				SDKROOT = iphoneos;
				TARGETED_DEVICE_FAMILY = "1,2";
			};
			name = Debug;
		};
		EECC66C21AA3AB1D004CB609 /* Release */ = {
			isa = XCBuildConfiguration;
			buildSettings = {
				ALWAYS_SEARCH_USER_PATHS = NO;
				CLANG_CXX_LANGUAGE_STANDARD = "gnu++0x";
				CLANG_CXX_LIBRARY = "libc++";
				CLANG_ENABLE_MODULES = YES;
				CLANG_ENABLE_OBJC_ARC = YES;
				CLANG_WARN_BOOL_CONVERSION = YES;
				CLANG_WARN_CONSTANT_CONVERSION = YES;
				CLANG_WARN_DIRECT_OBJC_ISA_USAGE = YES_ERROR;
				CLANG_WARN_EMPTY_BODY = YES;
				CLANG_WARN_ENUM_CONVERSION = YES;
				CLANG_WARN_INT_CONVERSION = YES;
				CLANG_WARN_OBJC_ROOT_CLASS = YES_ERROR;
				CLANG_WARN_UNREACHABLE_CODE = YES;
				CLANG_WARN__DUPLICATE_METHOD_MATCH = YES;
				"CODE_SIGN_IDENTITY[sdk=iphoneos*]" = "iPhone Developer";
				COPY_PHASE_STRIP = YES;
				ENABLE_NS_ASSERTIONS = NO;
				ENABLE_STRICT_OBJC_MSGSEND = YES;
				GCC_C_LANGUAGE_STANDARD = gnu99;
				GCC_WARN_64_TO_32_BIT_CONVERSION = YES;
				GCC_WARN_ABOUT_RETURN_TYPE = YES_ERROR;
				GCC_WARN_UNDECLARED_SELECTOR = YES;
				GCC_WARN_UNINITIALIZED_AUTOS = YES_AGGRESSIVE;
				GCC_WARN_UNUSED_FUNCTION = YES;
				GCC_WARN_UNUSED_VARIABLE = YES;
				IPHONEOS_DEPLOYMENT_TARGET = 8.1;
				MTL_ENABLE_DEBUG_INFO = NO;
				SDKROOT = iphoneos;
				TARGETED_DEVICE_FAMILY = "1,2";
				VALIDATE_PRODUCT = YES;
			};
			name = Release;
		};
		EECC66C41AA3AB1D004CB609 /* Debug */ = {
			isa = XCBuildConfiguration;
			buildSettings = {
				ASSETCATALOG_COMPILER_APPICON_NAME = AppIcon;
				CODE_SIGN_IDENTITY = "iPhone Developer";
				INFOPLIST_FILE = "$(SRCROOT)/SFWaterNode/Info.plist";
				LD_RUNPATH_SEARCH_PATHS = "$(inherited) @executable_path/Frameworks";
				PRODUCT_NAME = SFWaterNode;
			};
			name = Debug;
		};
		EECC66C51AA3AB1D004CB609 /* Release */ = {
			isa = XCBuildConfiguration;
			buildSettings = {
				ASSETCATALOG_COMPILER_APPICON_NAME = AppIcon;
				CODE_SIGN_IDENTITY = "iPhone Developer";
				INFOPLIST_FILE = "$(SRCROOT)/SFWaterNode/Info.plist";
				LD_RUNPATH_SEARCH_PATHS = "$(inherited) @executable_path/Frameworks";
				PRODUCT_NAME = SFWaterNode;
			};
			name = Release;
		};
		EECC66C71AA3AB1D004CB609 /* Debug */ = {
			isa = XCBuildConfiguration;
			buildSettings = {
				BUNDLE_LOADER = "$(TEST_HOST)";
				FRAMEWORK_SEARCH_PATHS = (
					"$(SDKROOT)/Developer/Library/Frameworks",
					"$(inherited)",
				);
				GCC_PREPROCESSOR_DEFINITIONS = (
					"DEBUG=1",
					"$(inherited)",
				);
				INFOPLIST_FILE = SFWaterNodeTests/Info.plist;
				LD_RUNPATH_SEARCH_PATHS = "$(inherited) @executable_path/Frameworks @loader_path/Frameworks";
				PRODUCT_NAME = SFWaterNodeTests;
				TEST_HOST = "$(BUILT_PRODUCTS_DIR)/SSKWaterSurfaceNode.app/SSKWaterSurfaceNode";
			};
			name = Debug;
		};
		EECC66C81AA3AB1D004CB609 /* Release */ = {
			isa = XCBuildConfiguration;
			buildSettings = {
				BUNDLE_LOADER = "$(TEST_HOST)";
				FRAMEWORK_SEARCH_PATHS = (
					"$(SDKROOT)/Developer/Library/Frameworks",
					"$(inherited)",
				);
				INFOPLIST_FILE = SFWaterNodeTests/Info.plist;
				LD_RUNPATH_SEARCH_PATHS = "$(inherited) @executable_path/Frameworks @loader_path/Frameworks";
				PRODUCT_NAME = SFWaterNodeTests;
				TEST_HOST = "$(BUILT_PRODUCTS_DIR)/SSKWaterSurfaceNode.app/SSKWaterSurfaceNode";
			};
			name = Release;
		};
/* End XCBuildConfiguration section */

/* Begin XCConfigurationList section */
		EECC66961AA3AB1D004CB609 /* Build configuration list for PBXProject "SFWaterNode" */ = {
			isa = XCConfigurationList;
			buildConfigurations = (
				EECC66C11AA3AB1D004CB609 /* Debug */,
				EECC66C21AA3AB1D004CB609 /* Release */,
			);
			defaultConfigurationIsVisible = 0;
			defaultConfigurationName = Release;
		};
		EECC66C31AA3AB1D004CB609 /* Build configuration list for PBXNativeTarget "SFWaterNode" */ = {
			isa = XCConfigurationList;
			buildConfigurations = (
				EECC66C41AA3AB1D004CB609 /* Debug */,
				EECC66C51AA3AB1D004CB609 /* Release */,
			);
			defaultConfigurationIsVisible = 0;
			defaultConfigurationName = Release;
		};
		EECC66C61AA3AB1D004CB609 /* Build configuration list for PBXNativeTarget "SFWaterNodeTests" */ = {
			isa = XCConfigurationList;
			buildConfigurations = (
				EECC66C71AA3AB1D004CB609 /* Debug */,
				EECC66C81AA3AB1D004CB609 /* Release */,
			);
			defaultConfigurationIsVisible = 0;
			defaultConfigurationName = Release;
		};
/* End XCConfigurationList section */
	};
	rootObject = EECC66931AA3AB1D004CB609 /* Project object */;
}
